
Microsoft Visual Studio Solution File, Format Version 11.00
# Visual Studio 2010
Project("{FAE04EC0-301F-11D3-BF4B-00C04F79EFBC}") = "LeetCode5", "LeetCode5\LeetCode5.csproj", "{BAB7E9AD-6159-4532-83EA-50895F9324F3}"
EndProject
Project("{FAE04EC0-301F-11D3-BF4B-00C04F79EFBC}") = "LeetCode6", "LeetCode6\LeetCode6.csproj", "{BA283846-ED32-479E-AB53-C234496282E1}"
EndProject
Project("{FAE04EC0-301F-11D3-BF4B-00C04F79EFBC}") = "LeetCode11", "LeetCode11\LeetCode11.csproj", "{7E12AA4D-356A-4130-BB09-15A3FE0CC458}"
EndProject
Project("{FAE04EC0-301F-11D3-BF4B-00C04F79EFBC}") = "LeetCode14", "LeetCode14\LeetCode14.csproj", "{12F9994F-5BC7-4F22-82BC-EB225DD1896C}"
EndProject
Project("{FAE04EC0-301F-11D3-BF4B-00C04F79EFBC}") = "LeetCode17", "LeetCode17\LeetCode17.csproj", "{DD116E28-D09B-45CC-B3A6-5A2FA42FE0C9}"
EndProject
Project("{FAE04EC0-301F-11D3-BF4B-00C04F79EFBC}") = "LeetCode24", "LeetCode24\LeetCode24.csproj", "{7D517D11-B4CA-485F-BABC-12D5CD9F8F28}"
EndProject
Project("{FAE04EC0-301F-11D3-BF4B-00C04F79EFBC}") = "LeetCode31", "LeetCode31\LeetCode31.csproj", "{DDA8C89E-9A61-4272-B0FD-F79EC8EAF330}"
EndProject
Project("{FAE04EC0-301F-11D3-BF4B-00C04F79EFBC}") = "LeetCode33", "LeetCode33\LeetCode33.csproj", "{76D5E753-F170-4EDD-81B1-44A95038C4FC}"
EndProject
Project("{FAE04EC0-301F-11D3-BF4B-00C04F79EFBC}") = "LeetCode34", "LeetCode34\LeetCode34.csproj", "{BF44D47A-DB1E-4764-B832-730ED25A0FCC}"
EndProject
Project("{FAE04EC0-301F-11D3-BF4B-00C04F79EFBC}") = "LeetCode37", "LeetCode37\LeetCode37.csproj", "{DEC6D85D-A288-4DC5-975E-E455CEA51A1F}"
EndProject
Project("{FAE04EC0-301F-11D3-BF4B-00C04F79EFBC}") = "LeetCode38", "LeetCode38\LeetCode38.csproj", "{6995E09B-1066-4234-ADEA-BD26F6AD2C04}"
EndProject
Project("{FAE04EC0-301F-11D3-BF4B-00C04F79EFBC}") = "LeetCode40", "LeetCode40\LeetCode40.csproj", "{C15FF62B-A7F0-44D6-A08E-547A4E64A72A}"
EndProject
Project("{FAE04EC0-301F-11D3-BF4B-00C04F79EFBC}") = "LeetCode41", "LeetCode41\LeetCode41.csproj", "{A910B090-D19B-406B-82B1-D6FB3A04695E}"
EndProject
Project("{FAE04EC0-301F-11D3-BF4B-00C04F79EFBC}") = "LeetCode42", "LeetCode42\LeetCode42.csproj", "{A12490EB-56BA-4208-BFF5-121007ADD8DB}"
EndProject
Project("{FAE04EC0-301F-11D3-BF4B-00C04F79EFBC}") = "LeetCode43", "LeetCode43\LeetCode43.csproj", "{6ED43AEC-A89F-4694-9C8A-4498BB8E6DF7}"
EndProject
Project("{FAE04EC0-301F-11D3-BF4B-00C04F79EFBC}") = "LeetCode49", "LeetCode49\LeetCode49.csproj", "{2509A700-9467-411B-A19C-DBA20DE48551}"
EndProject
Project("{FAE04EC0-301F-11D3-BF4B-00C04F79EFBC}") = "LeetCode146", "LeetCode146\LeetCode146.csproj", "{DD2312D3-ACE8-4DD8-84F7-05955ACCBBEC}"
EndProject
Project("{FAE04EC0-301F-11D3-BF4B-00C04F79EFBC}") = "LeetCode415", "LeetCode415\LeetCode415.csproj", "{850E8D01-81AC-4733-9D13-FF33D23D9F78}"
EndProject
Project("{FAE04EC0-301F-11D3-BF4B-00C04F79EFBC}") = "LeetCode94", "LeetCode94\LeetCode94.csproj", "{48579BDB-98D5-485B-AD5F-181144FA3203}"
EndProject
Project("{FAE04EC0-301F-11D3-BF4B-00C04F79EFBC}") = "LeetCode101", "LeetCode101\LeetCode101.csproj", "{AEDF05A6-DF5B-49B1-B921-59BC546BE194}"
EndProject
Project("{FAE04EC0-301F-11D3-BF4B-00C04F79EFBC}") = "LeetCode113", "LeetCode113\LeetCode113.csproj", "{68F8494F-656B-4742-AFC6-A1A2CE1F662D}"
EndProject
Project("{FAE04EC0-301F-11D3-BF4B-00C04F79EFBC}") = "LeetCode115", "LeetCode115\LeetCode115.csproj", "{176355EA-AF17-4F32-A3C0-4A9F8EC0B023}"
EndProject
Project("{FAE04EC0-301F-11D3-BF4B-00C04F79EFBC}") = "LeetCode118", "LeetCode118\LeetCode118.csproj", "{521A2D72-CA6F-47B0-8549-CF51EFB26BC4}"
EndProject
Project("{FAE04EC0-301F-11D3-BF4B-00C04F79EFBC}") = "LeetCode120", "LeetCode120\LeetCode120.csproj", "{BEA34884-FCD0-4D28-B792-F380FB7542EA}"
EndProject
Project("{FAE04EC0-301F-11D3-BF4B-00C04F79EFBC}") = "LeetCode124", "LeetCode124\LeetCode124.csproj", "{7E6A658A-1205-4A04-BE3D-133128D731FB}"
EndProject
Project("{FAE04EC0-301F-11D3-BF4B-00C04F79EFBC}") = "LeetCode15", "LeetCode15\LeetCode15.csproj", "{A31D85D7-B3CF-4639-9F5F-30FA028C0792}"
EndProject
Project("{FAE04EC0-301F-11D3-BF4B-00C04F79EFBC}") = "LeetCode18", "LeetCode18\LeetCode18.csproj", "{006450E1-3817-4E0E-B2CD-E93BD6A97389}"
EndProject
Global
	GlobalSection(SolutionConfigurationPlatforms) = preSolution
		Debug|x86 = Debug|x86
		Release|x86 = Release|x86
	EndGlobalSection
	GlobalSection(ProjectConfigurationPlatforms) = postSolution
		{006450E1-3817-4E0E-B2CD-E93BD6A97389}.Debug|x86.ActiveCfg = Debug|x86
		{006450E1-3817-4E0E-B2CD-E93BD6A97389}.Debug|x86.Build.0 = Debug|x86
		{006450E1-3817-4E0E-B2CD-E93BD6A97389}.Release|x86.ActiveCfg = Release|x86
		{006450E1-3817-4E0E-B2CD-E93BD6A97389}.Release|x86.Build.0 = Release|x86
		{12F9994F-5BC7-4F22-82BC-EB225DD1896C}.Debug|x86.ActiveCfg = Debug|x86
		{12F9994F-5BC7-4F22-82BC-EB225DD1896C}.Debug|x86.Build.0 = Debug|x86
		{12F9994F-5BC7-4F22-82BC-EB225DD1896C}.Release|x86.ActiveCfg = Release|x86
		{12F9994F-5BC7-4F22-82BC-EB225DD1896C}.Release|x86.Build.0 = Release|x86
		{176355EA-AF17-4F32-A3C0-4A9F8EC0B023}.Debug|x86.ActiveCfg = Debug|x86
		{176355EA-AF17-4F32-A3C0-4A9F8EC0B023}.Debug|x86.Build.0 = Debug|x86
		{176355EA-AF17-4F32-A3C0-4A9F8EC0B023}.Release|x86.ActiveCfg = Release|x86
		{176355EA-AF17-4F32-A3C0-4A9F8EC0B023}.Release|x86.Build.0 = Release|x86
		{2509A700-9467-411B-A19C-DBA20DE48551}.Debug|x86.ActiveCfg = Debug|x86
		{2509A700-9467-411B-A19C-DBA20DE48551}.Debug|x86.Build.0 = Debug|x86
		{2509A700-9467-411B-A19C-DBA20DE48551}.Release|x86.ActiveCfg = Release|x86
		{2509A700-9467-411B-A19C-DBA20DE48551}.Release|x86.Build.0 = Release|x86
		{48579BDB-98D5-485B-AD5F-181144FA3203}.Debug|x86.ActiveCfg = Debug|x86
		{48579BDB-98D5-485B-AD5F-181144FA3203}.Debug|x86.Build.0 = Debug|x86
		{48579BDB-98D5-485B-AD5F-181144FA3203}.Release|x86.ActiveCfg = Release|x86
		{48579BDB-98D5-485B-AD5F-181144FA3203}.Release|x86.Build.0 = Release|x86
		{521A2D72-CA6F-47B0-8549-CF51EFB26BC4}.Debug|x86.ActiveCfg = Debug|x86
		{521A2D72-CA6F-47B0-8549-CF51EFB26BC4}.Debug|x86.Build.0 = Debug|x86
		{521A2D72-CA6F-47B0-8549-CF51EFB26BC4}.Release|x86.ActiveCfg = Release|x86
		{521A2D72-CA6F-47B0-8549-CF51EFB26BC4}.Release|x86.Build.0 = Release|x86
		{68F8494F-656B-4742-AFC6-A1A2CE1F662D}.Debug|x86.ActiveCfg = Debug|x86
		{68F8494F-656B-4742-AFC6-A1A2CE1F662D}.Debug|x86.Build.0 = Debug|x86
		{68F8494F-656B-4742-AFC6-A1A2CE1F662D}.Release|x86.ActiveCfg = Release|x86
		{68F8494F-656B-4742-AFC6-A1A2CE1F662D}.Release|x86.Build.0 = Release|x86
		{6995E09B-1066-4234-ADEA-BD26F6AD2C04}.Debug|x86.ActiveCfg = Debug|x86
		{6995E09B-1066-4234-ADEA-BD26F6AD2C04}.Debug|x86.Build.0 = Debug|x86
		{6995E09B-1066-4234-ADEA-BD26F6AD2C04}.Release|x86.ActiveCfg = Release|x86
		{6995E09B-1066-4234-ADEA-BD26F6AD2C04}.Release|x86.Build.0 = Release|x86
		{6ED43AEC-A89F-4694-9C8A-4498BB8E6DF7}.Debug|x86.ActiveCfg = Debug|x86
		{6ED43AEC-A89F-4694-9C8A-4498BB8E6DF7}.Debug|x86.Build.0 = Debug|x86
		{6ED43AEC-A89F-4694-9C8A-4498BB8E6DF7}.Release|x86.ActiveCfg = Release|x86
		{6ED43AEC-A89F-4694-9C8A-4498BB8E6DF7}.Release|x86.Build.0 = Release|x86
		{76D5E753-F170-4EDD-81B1-44A95038C4FC}.Debug|x86.ActiveCfg = Debug|x86
		{76D5E753-F170-4EDD-81B1-44A95038C4FC}.Debug|x86.Build.0 = Debug|x86
		{76D5E753-F170-4EDD-81B1-44A95038C4FC}.Release|x86.ActiveCfg = Release|x86
		{76D5E753-F170-4EDD-81B1-44A95038C4FC}.Release|x86.Build.0 = Release|x86
		{7D517D11-B4CA-485F-BABC-12D5CD9F8F28}.Debug|x86.ActiveCfg = Debug|x86
		{7D517D11-B4CA-485F-BABC-12D5CD9F8F28}.Debug|x86.Build.0 = Debug|x86
		{7D517D11-B4CA-485F-BABC-12D5CD9F8F28}.Release|x86.ActiveCfg = Release|x86
		{7D517D11-B4CA-485F-BABC-12D5CD9F8F28}.Release|x86.Build.0 = Release|x86
		{7E12AA4D-356A-4130-BB09-15A3FE0CC458}.Debug|x86.ActiveCfg = Debug|x86
		{7E12AA4D-356A-4130-BB09-15A3FE0CC458}.Debug|x86.Build.0 = Debug|x86
		{7E12AA4D-356A-4130-BB09-15A3FE0CC458}.Release|x86.ActiveCfg = Release|x86
		{7E12AA4D-356A-4130-BB09-15A3FE0CC458}.Release|x86.Build.0 = Release|x86
		{7E6A658A-1205-4A04-BE3D-133128D731FB}.Debug|x86.ActiveCfg = Debug|x86
		{7E6A658A-1205-4A04-BE3D-133128D731FB}.Debug|x86.Build.0 = Debug|x86
		{7E6A658A-1205-4A04-BE3D-133128D731FB}.Release|x86.ActiveCfg = Release|x86
		{7E6A658A-1205-4A04-BE3D-133128D731FB}.Release|x86.Build.0 = Release|x86
		{850E8D01-81AC-4733-9D13-FF33D23D9F78}.Debug|x86.ActiveCfg = Debug|x86
		{850E8D01-81AC-4733-9D13-FF33D23D9F78}.Debug|x86.Build.0 = Debug|x86
		{850E8D01-81AC-4733-9D13-FF33D23D9F78}.Release|x86.ActiveCfg = Release|x86
		{850E8D01-81AC-4733-9D13-FF33D23D9F78}.Release|x86.Build.0 = Release|x86
		{A12490EB-56BA-4208-BFF5-121007ADD8DB}.Debug|x86.ActiveCfg = Debug|x86
		{A12490EB-56BA-4208-BFF5-121007ADD8DB}.Debug|x86.Build.0 = Debug|x86
		{A12490EB-56BA-4208-BFF5-121007ADD8DB}.Release|x86.ActiveCfg = Release|x86
		{A12490EB-56BA-4208-BFF5-121007ADD8DB}.Release|x86.Build.0 = Release|x86
		{A31D85D7-B3CF-4639-9F5F-30FA028C0792}.Debug|x86.ActiveCfg = Debug|x86
		{A31D85D7-B3CF-4639-9F5F-30FA028C0792}.Debug|x86.Build.0 = Debug|x86
		{A31D85D7-B3CF-4639-9F5F-30FA028C0792}.Release|x86.ActiveCfg = Release|x86
		{A31D85D7-B3CF-4639-9F5F-30FA028C0792}.Release|x86.Build.0 = Release|x86
		{A910B090-D19B-406B-82B1-D6FB3A04695E}.Debug|x86.ActiveCfg = Debug|x86
		{A910B090-D19B-406B-82B1-D6FB3A04695E}.Debug|x86.Build.0 = Debug|x86
		{A910B090-D19B-406B-82B1-D6FB3A04695E}.Release|x86.ActiveCfg = Release|x86
		{A910B090-D19B-406B-82B1-D6FB3A04695E}.Release|x86.Build.0 = Release|x86
		{AEDF05A6-DF5B-49B1-B921-59BC546BE194}.Debug|x86.ActiveCfg = Debug|x86
		{AEDF05A6-DF5B-49B1-B921-59BC546BE194}.Debug|x86.Build.0 = Debug|x86
		{AEDF05A6-DF5B-49B1-B921-59BC546BE194}.Release|x86.ActiveCfg = Release|x86
		{AEDF05A6-DF5B-49B1-B921-59BC546BE194}.Release|x86.Build.0 = Release|x86
		{BA283846-ED32-479E-AB53-C234496282E1}.Debug|x86.ActiveCfg = Debug|x86
		{BA283846-ED32-479E-AB53-C234496282E1}.Debug|x86.Build.0 = Debug|x86
		{BA283846-ED32-479E-AB53-C234496282E1}.Release|x86.ActiveCfg = Release|x86
		{BA283846-ED32-479E-AB53-C234496282E1}.Release|x86.Build.0 = Release|x86
		{BAB7E9AD-6159-4532-83EA-50895F9324F3}.Debug|x86.ActiveCfg = Debug|x86
		{BAB7E9AD-6159-4532-83EA-50895F9324F3}.Debug|x86.Build.0 = Debug|x86
		{BAB7E9AD-6159-4532-83EA-50895F9324F3}.Release|x86.ActiveCfg = Release|x86
		{BAB7E9AD-6159-4532-83EA-50895F9324F3}.Release|x86.Build.0 = Release|x86
		{BEA34884-FCD0-4D28-B792-F380FB7542EA}.Debug|x86.ActiveCfg = Debug|x86
		{BEA34884-FCD0-4D28-B792-F380FB7542EA}.Debug|x86.Build.0 = Debug|x86
		{BEA34884-FCD0-4D28-B792-F380FB7542EA}.Release|x86.ActiveCfg = Release|x86
		{BEA34884-FCD0-4D28-B792-F380FB7542EA}.Release|x86.Build.0 = Release|x86
		{BF44D47A-DB1E-4764-B832-730ED25A0FCC}.Debug|x86.ActiveCfg = Debug|x86
		{BF44D47A-DB1E-4764-B832-730ED25A0FCC}.Debug|x86.Build.0 = Debug|x86
		{BF44D47A-DB1E-4764-B832-730ED25A0FCC}.Release|x86.ActiveCfg = Release|x86
		{BF44D47A-DB1E-4764-B832-730ED25A0FCC}.Release|x86.Build.0 = Release|x86
		{C15FF62B-A7F0-44D6-A08E-547A4E64A72A}.Debug|x86.ActiveCfg = Debug|x86
		{C15FF62B-A7F0-44D6-A08E-547A4E64A72A}.Debug|x86.Build.0 = Debug|x86
		{C15FF62B-A7F0-44D6-A08E-547A4E64A72A}.Release|x86.ActiveCfg = Release|x86
		{C15FF62B-A7F0-44D6-A08E-547A4E64A72A}.Release|x86.Build.0 = Release|x86
		{DD116E28-D09B-45CC-B3A6-5A2FA42FE0C9}.Debug|x86.ActiveCfg = Debug|x86
		{DD116E28-D09B-45CC-B3A6-5A2FA42FE0C9}.Debug|x86.Build.0 = Debug|x86
		{DD116E28-D09B-45CC-B3A6-5A2FA42FE0C9}.Release|x86.ActiveCfg = Release|x86
		{DD116E28-D09B-45CC-B3A6-5A2FA42FE0C9}.Release|x86.Build.0 = Release|x86
		{DD2312D3-ACE8-4DD8-84F7-05955ACCBBEC}.Debug|x86.ActiveCfg = Debug|x86
		{DD2312D3-ACE8-4DD8-84F7-05955ACCBBEC}.Debug|x86.Build.0 = Debug|x86
		{DD2312D3-ACE8-4DD8-84F7-05955ACCBBEC}.Release|x86.ActiveCfg = Release|x86
		{DD2312D3-ACE8-4DD8-84F7-05955ACCBBEC}.Release|x86.Build.0 = Release|x86
		{DDA8C89E-9A61-4272-B0FD-F79EC8EAF330}.Debug|x86.ActiveCfg = Debug|x86
		{DDA8C89E-9A61-4272-B0FD-F79EC8EAF330}.Debug|x86.Build.0 = Debug|x86
		{DDA8C89E-9A61-4272-B0FD-F79EC8EAF330}.Release|x86.ActiveCfg = Release|x86
		{DDA8C89E-9A61-4272-B0FD-F79EC8EAF330}.Release|x86.Build.0 = Release|x86
		{DEC6D85D-A288-4DC5-975E-E455CEA51A1F}.Debug|x86.ActiveCfg = Debug|x86
		{DEC6D85D-A288-4DC5-975E-E455CEA51A1F}.Debug|x86.Build.0 = Debug|x86
		{DEC6D85D-A288-4DC5-975E-E455CEA51A1F}.Release|x86.ActiveCfg = Release|x86
		{DEC6D85D-A288-4DC5-975E-E455CEA51A1F}.Release|x86.Build.0 = Release|x86
	EndGlobalSection
	GlobalSection(MonoDevelopProperties) = preSolution
		StartupItem = LeetCode17\LeetCode17.csproj
	EndGlobalSection
EndGlobal
